
Microsoft Visual Studio Solution File, Format Version 12.00
# Visual Studio 15
VisualStudioVersion = 15.0.27703.2042
MinimumVisualStudioVersion = 10.0.40219.1
Project("{FAE04EC0-301F-11D3-BF4B-00C04F79EFBC}") = "06_dead lock", "06_dead lock\06_dead lock.csproj", "{7166396D-0B94-4C49-8548-7E4933AF1C1B}"
EndProject
Global
	GlobalSection(SolutionConfigurationPlatforms) = preSolution
		Debug|Any CPU = Debug|Any CPU
		Release|Any CPU = Release|Any CPU
	EndGlobalSection
	GlobalSection(ProjectConfigurationPlatforms) = postSolution
		{7166396D-0B94-4C49-8548-7E4933AF1C1B}.Debug|Any CPU.ActiveCfg = Debug|Any CPU
		{7166396D-0B94-4C49-8548-7E4933AF1C1B}.Debug|Any CPU.Build.0 = Debug|Any CPU
		{7166396D-0B94-4C49-8548-7E4933AF1C1B}.Release|Any CPU.ActiveCfg = Release|Any CPU
		{7166396D-0B94-4C49-8548-7E4933AF1C1B}.Release|Any CPU.Build.0 = Release|Any CPU
	EndGlobalSection
	GlobalSection(SolutionProperties) = preSolution
		HideSolutionNode = FALSE
	EndGlobalSection
	GlobalSection(ExtensibilityGlobals) = postSolution
		SolutionGuid = {CCCEE627-949C-4B09-9A4E-2995D1B19DAB}
	EndGlobalSection
EndGlobal
