
Microsoft Visual Studio Solution File, Format Version 12.00
# Visual Studio 14
VisualStudioVersion = 14.0.25420.1
MinimumVisualStudioVersion = 10.0.40219.1
Project("{FAE04EC0-301F-11D3-BF4B-00C04F79EFBC}") = "DAL", "DAL\DAL.csproj", "{8C30E61C-0867-4617-B1D7-94AC11941510}"
EndProject
Project("{FAE04EC0-301F-11D3-BF4B-00C04F79EFBC}") = "BOL", "BOL\BOL.csproj", "{28565C4A-435F-4AF6-BEA9-441D5C0DB547}"
EndProject
Project("{FAE04EC0-301F-11D3-BF4B-00C04F79EFBC}") = "BLL", "BLL\BLL.csproj", "{C97BE200-1C8F-46AE-90C3-CAD2DAD743EF}"
EndProject
Project("{FAE04EC0-301F-11D3-BF4B-00C04F79EFBC}") = "UIL", "UIL\UIL.csproj", "{DE8810F3-450E-4E92-BE94-6A7377A86249}"
EndProject
Global
	GlobalSection(SolutionConfigurationPlatforms) = preSolution
		Debug|Any CPU = Debug|Any CPU
		Release|Any CPU = Release|Any CPU
	EndGlobalSection
	GlobalSection(ProjectConfigurationPlatforms) = postSolution
		{8C30E61C-0867-4617-B1D7-94AC11941510}.Debug|Any CPU.ActiveCfg = Debug|Any CPU
		{8C30E61C-0867-4617-B1D7-94AC11941510}.Debug|Any CPU.Build.0 = Debug|Any CPU
		{8C30E61C-0867-4617-B1D7-94AC11941510}.Release|Any CPU.ActiveCfg = Release|Any CPU
		{8C30E61C-0867-4617-B1D7-94AC11941510}.Release|Any CPU.Build.0 = Release|Any CPU
		{28565C4A-435F-4AF6-BEA9-441D5C0DB547}.Debug|Any CPU.ActiveCfg = Debug|Any CPU
		{28565C4A-435F-4AF6-BEA9-441D5C0DB547}.Debug|Any CPU.Build.0 = Debug|Any CPU
		{28565C4A-435F-4AF6-BEA9-441D5C0DB547}.Release|Any CPU.ActiveCfg = Release|Any CPU
		{28565C4A-435F-4AF6-BEA9-441D5C0DB547}.Release|Any CPU.Build.0 = Release|Any CPU
		{C97BE200-1C8F-46AE-90C3-CAD2DAD743EF}.Debug|Any CPU.ActiveCfg = Debug|Any CPU
		{C97BE200-1C8F-46AE-90C3-CAD2DAD743EF}.Debug|Any CPU.Build.0 = Debug|Any CPU
		{C97BE200-1C8F-46AE-90C3-CAD2DAD743EF}.Release|Any CPU.ActiveCfg = Release|Any CPU
		{C97BE200-1C8F-46AE-90C3-CAD2DAD743EF}.Release|Any CPU.Build.0 = Release|Any CPU
		{DE8810F3-450E-4E92-BE94-6A7377A86249}.Debug|Any CPU.ActiveCfg = Debug|Any CPU
		{DE8810F3-450E-4E92-BE94-6A7377A86249}.Debug|Any CPU.Build.0 = Debug|Any CPU
		{DE8810F3-450E-4E92-BE94-6A7377A86249}.Release|Any CPU.ActiveCfg = Release|Any CPU
		{DE8810F3-450E-4E92-BE94-6A7377A86249}.Release|Any CPU.Build.0 = Release|Any CPU
	EndGlobalSection
	GlobalSection(SolutionProperties) = preSolution
		HideSolutionNode = FALSE
	EndGlobalSection
EndGlobal
