
Microsoft Visual Studio Solution File, Format Version 12.00
# Visual Studio 15
VisualStudioVersion = 15.0.27703.2042
MinimumVisualStudioVersion = 10.0.40219.1
Project("{FAE04EC0-301F-11D3-BF4B-00C04F79EFBC}") = "01_custom validation", "01_custom validation\01_custom validation.csproj", "{4EA01DD1-D609-46FD-B3C2-C792BD12CC0B}"
EndProject
Global
	GlobalSection(SolutionConfigurationPlatforms) = preSolution
		Debug|Any CPU = Debug|Any CPU
		Release|Any CPU = Release|Any CPU
	EndGlobalSection
	GlobalSection(ProjectConfigurationPlatforms) = postSolution
		{4EA01DD1-D609-46FD-B3C2-C792BD12CC0B}.Debug|Any CPU.ActiveCfg = Debug|Any CPU
		{4EA01DD1-D609-46FD-B3C2-C792BD12CC0B}.Debug|Any CPU.Build.0 = Debug|Any CPU
		{4EA01DD1-D609-46FD-B3C2-C792BD12CC0B}.Release|Any CPU.ActiveCfg = Release|Any CPU
		{4EA01DD1-D609-46FD-B3C2-C792BD12CC0B}.Release|Any CPU.Build.0 = Release|Any CPU
	EndGlobalSection
	GlobalSection(SolutionProperties) = preSolution
		HideSolutionNode = FALSE
	EndGlobalSection
	GlobalSection(ExtensibilityGlobals) = postSolution
		SolutionGuid = {D8B3DEDA-1EF1-4A36-B2C0-2FD206CDE353}
	EndGlobalSection
EndGlobal
