
Microsoft Visual Studio Solution File, Format Version 12.00
# Visual Studio 15
VisualStudioVersion = 15.0.27703.2042
MinimumVisualStudioVersion = 10.0.40219.1
Project("{FAE04EC0-301F-11D3-BF4B-00C04F79EFBC}") = "06_AutoResetEvent", "06_AutoResetEvent\06_AutoResetEvent.csproj", "{916E0F24-2F5D-43D6-9520-AB3DDBBC102D}"
EndProject
Global
	GlobalSection(SolutionConfigurationPlatforms) = preSolution
		Debug|Any CPU = Debug|Any CPU
		Release|Any CPU = Release|Any CPU
	EndGlobalSection
	GlobalSection(ProjectConfigurationPlatforms) = postSolution
		{916E0F24-2F5D-43D6-9520-AB3DDBBC102D}.Debug|Any CPU.ActiveCfg = Debug|Any CPU
		{916E0F24-2F5D-43D6-9520-AB3DDBBC102D}.Debug|Any CPU.Build.0 = Debug|Any CPU
		{916E0F24-2F5D-43D6-9520-AB3DDBBC102D}.Release|Any CPU.ActiveCfg = Release|Any CPU
		{916E0F24-2F5D-43D6-9520-AB3DDBBC102D}.Release|Any CPU.Build.0 = Release|Any CPU
	EndGlobalSection
	GlobalSection(SolutionProperties) = preSolution
		HideSolutionNode = FALSE
	EndGlobalSection
	GlobalSection(ExtensibilityGlobals) = postSolution
		SolutionGuid = {C7A6B1C2-B6E6-4671-AC3A-580A36AFF9F1}
	EndGlobalSection
EndGlobal
